<Solution>
  <Folder Name="/CleanArch.Application/" />
  <Folder Name="/CleanArch.Domain/" />
  <Folder Name="/CleanArch.Infra.Data/" />
  <Folder Name="/CleanArch.Infra.IoC/" />
  <Folder Name="/CleanArch.UI.Mvc/">
    <Project Path="CleanArch.Mvc/CleanArch.Mvc.csproj" Id="75a63969-c2fd-44bc-92a9-79d1429b2f4b" />
  </Folder>
</Solution>
